
Microsoft Visual Studio Solution File, Format Version 12.00
# Visual Studio Version 17
VisualStudioVersion = 17.3.32929.385
MinimumVisualStudioVersion = 10.0.40219.1
Project("{FAE04EC0-301F-11D3-BF4B-00C04F79EFBC}") = "Test", "Test\Test.csproj", "{7486FA69-1873-424A-9048-7169393B645B}"
EndProject
Global
	GlobalSection(SolutionConfigurationPlatforms) = preSolution
		Debug|Any CPU = Debug|Any CPU
		Release|Any CPU = Release|Any CPU
	EndGlobalSection
	GlobalSection(ProjectConfigurationPlatforms) = postSolution
		{7486FA69-1873-424A-9048-7169393B645B}.Debug|Any CPU.ActiveCfg = Debug|Any CPU
		{7486FA69-1873-424A-9048-7169393B645B}.Debug|Any CPU.Build.0 = Debug|Any CPU
		{7486FA69-1873-424A-9048-7169393B645B}.Release|Any CPU.ActiveCfg = Release|Any CPU
		{7486FA69-1873-424A-9048-7169393B645B}.Release|Any CPU.Build.0 = Release|Any CPU
	EndGlobalSection
	GlobalSection(SolutionProperties) = preSolution
		HideSolutionNode = FALSE
	EndGlobalSection
	GlobalSection(ExtensibilityGlobals) = postSolution
		SolutionGuid = {EA396B07-1563-4A7A-938D-D914C4833C4F}
	EndGlobalSection
EndGlobal
